{
    "version": 3,
    "terraform_version": "0.11.8",
    "serial": 3,
    "lineage": "85a859fc-4fc1-74f5-7eae-dd50e23d6637",
    "modules": [
        {
            "path": [
                "root"
            ],
            "outputs": {},
            "resources": {
                "aws_s3_bucket.log_bucket": {
                    "type": "aws_s3_bucket",
                    "depends_on": [],
                    "primary": {
                        "id": "gmcdslssite-logs-20190213",
                        "attributes": {
                            "acceleration_status": "",
                            "acl": "log-delivery-write",
                            "arn": "arn:aws:s3:::gmcdslssite-logs-20190213",
                            "bucket": "gmcdslssite-logs-20190213",
                            "bucket_domain_name": "gmcdslssite-logs-20190213.s3.amazonaws.com",
                            "bucket_regional_domain_name": "gmcdslssite-logs-20190213.s3.ca-central-1.amazonaws.com",
                            "cors_rule.#": "0",
                            "force_destroy": "false",
                            "hosted_zone_id": "Z1QDHH18159H29",
                            "id": "gmcdslssite-logs-20190213",
                            "lifecycle_rule.#": "0",
                            "logging.#": "0",
                            "object_lock_configuration.#": "0",
                            "region": "ca-central-1",
                            "replication_configuration.#": "0",
                            "request_payer": "BucketOwner",
                            "server_side_encryption_configuration.#": "0",
                            "tags.%": "4",
                            "tags.Monitored": "Basic - AWS",
                            "tags.Name": "gmcdslssite-20190213",
                            "tags.Owner": "Gary Mc Dermott",
                            "tags.Stage": "Dev",
                            "versioning.#": "1",
                            "versioning.0.enabled": "false",
                            "versioning.0.mfa_delete": "false",
                            "website.#": "0"
                        },
                        "meta": {},
                        "tainted": false
                    },
                    "deposed": [],
                    "provider": "provider.aws"
                },
                "aws_s3_bucket.site": {
                    "type": "aws_s3_bucket",
                    "depends_on": [
                        "aws_s3_bucket.log_bucket"
                    ],
                    "primary": {
                        "id": "gmcdslssite--20190213",
                        "attributes": {
                            "acceleration_status": "",
                            "acl": "public-read",
                            "arn": "arn:aws:s3:::gmcdslssite--20190213",
                            "bucket": "gmcdslssite--20190213",
                            "bucket_domain_name": "gmcdslssite--20190213.s3.amazonaws.com",
                            "bucket_regional_domain_name": "gmcdslssite--20190213.s3.ca-central-1.amazonaws.com",
                            "cors_rule.#": "0",
                            "force_destroy": "false",
                            "hosted_zone_id": "Z1QDHH18159H29",
                            "id": "gmcdslssite--20190213",
                            "lifecycle_rule.#": "0",
                            "logging.#": "1",
                            "logging.3591170077.target_bucket": "gmcdslssite-logs-20190213",
                            "logging.3591170077.target_prefix": "log/",
                            "object_lock_configuration.#": "0",
                            "policy": "{\"Statement\":[{\"Action\":\"s3:GetObject\",\"Effect\":\"Allow\",\"Principal\":\"*\",\"Resource\":\"arn:aws:s3:::gmcdslssite--20190213/*\",\"Sid\":\"PublicReadGetObject\"}],\"Version\":\"2012-10-17\"}",
                            "region": "ca-central-1",
                            "replication_configuration.#": "0",
                            "request_payer": "BucketOwner",
                            "server_side_encryption_configuration.#": "0",
                            "tags.%": "4",
                            "tags.Monitored": "Basic - AWS",
                            "tags.Name": "gmcdslssite-20190213",
                            "tags.Owner": "Gary Mc Dermott",
                            "tags.Stage": "Dev",
                            "versioning.#": "1",
                            "versioning.0.enabled": "false",
                            "versioning.0.mfa_delete": "false",
                            "website.#": "1",
                            "website.0.error_document": "error.html",
                            "website.0.index_document": "index.html",
                            "website.0.redirect_all_requests_to": "",
                            "website.0.routing_rules": "[{\"Condition\":{\"KeyPrefixEquals\":\"docs/\"},\"Redirect\":{\"ReplaceKeyPrefixWith\":\"documents/\"}}]",
                            "website_domain": "s3-website.ca-central-1.amazonaws.com",
                            "website_endpoint": "gmcdslssite--20190213.s3-website.ca-central-1.amazonaws.com"
                        },
                        "meta": {},
                        "tainted": false
                    },
                    "deposed": [],
                    "provider": "provider.aws"
                }
            },
            "depends_on": []
        }
    ]
}
