{
    "version": 3,
    "terraform_version": "0.11.8",
    "serial": 4,
    "lineage": "af3b42e7-2fb6-e116-b68f-f84408dda714",
    "modules": [
        {
            "path": [
                "root"
            ],
            "outputs": {
                "amis": {
                    "sensitive": false,
                    "type": "string",
                    "value": "ami-0427e8367e3770df1"
                }
            },
            "resources": {
                "aws_instance.example": {
                    "type": "aws_instance",
                    "depends_on": [],
                    "primary": {
                        "id": "i-06d23789d43c12905",
                        "attributes": {
                            "ami": "ami-0427e8367e3770df1",
                            "arn": "arn:aws:ec2:ca-central-1:500015533311:instance/i-06d23789d43c12905",
                            "associate_public_ip_address": "true",
                            "availability_zone": "ca-central-1b",
                            "cpu_core_count": "1",
                            "cpu_threads_per_core": "1",
                            "credit_specification.#": "1",
                            "credit_specification.0.cpu_credits": "standard",
                            "disable_api_termination": "false",
                            "ebs_block_device.#": "0",
                            "ebs_optimized": "false",
                            "ephemeral_block_device.#": "0",
                            "get_password_data": "false",
                            "iam_instance_profile": "",
                            "id": "i-06d23789d43c12905",
                            "instance_state": "running",
                            "instance_type": "t2.micro",
                            "ipv6_addresses.#": "0",
                            "key_name": "terraform",
                            "monitoring": "false",
                            "network_interface.#": "0",
                            "network_interface_id": "eni-0e153d17695b32866",
                            "password_data": "",
                            "placement_group": "",
                            "primary_network_interface_id": "eni-0e153d17695b32866",
                            "private_dns": "ip-172-31-10-69.ca-central-1.compute.internal",
                            "private_ip": "172.31.10.69",
                            "public_dns": "ec2-35-183-123-233.ca-central-1.compute.amazonaws.com",
                            "public_ip": "35.183.123.233",
                            "root_block_device.#": "1",
                            "root_block_device.0.delete_on_termination": "true",
                            "root_block_device.0.iops": "100",
                            "root_block_device.0.volume_id": "vol-0ab38209db0e0e57c",
                            "root_block_device.0.volume_size": "8",
                            "root_block_device.0.volume_type": "gp2",
                            "security_groups.#": "1",
                            "security_groups.3814588639": "default",
                            "source_dest_check": "true",
                            "subnet_id": "subnet-0f8e195b204991bb8",
                            "tags.%": "3",
                            "tags.Name": "Terraform",
                            "tags.Owner": "Gary Mc Dermott",
                            "tags.Stage": "Dev",
                            "tenancy": "default",
                            "volume_tags.%": "0",
                            "vpc_security_group_ids.#": "1",
                            "vpc_security_group_ids.3879442358": "sg-0f1d58c41055afcc7"
                        },
                        "meta": {
                            "e2bfb730-ecaa-11e6-8f88-34363bc7c4c0": {
                                "create": 600000000000,
                                "delete": 1200000000000,
                                "update": 600000000000
                            },
                            "schema_version": "1"
                        },
                        "tainted": false
                    },
                    "deposed": [],
                    "provider": "provider.aws"
                }
            },
            "depends_on": []
        }
    ]
}
