{
    "version": 3,
    "terraform_version": "0.11.8",
    "serial": 5,
    "lineage": "975664af-ba51-f966-d864-939c187d1f1a",
    "modules": [
        {
            "path": [
                "root"
            ],
            "outputs": {},
            "resources": {
                "aws_db_instance.default": {
                    "type": "aws_db_instance",
                    "depends_on": [],
                    "primary": {
                        "id": "terraform-20190119043658700200000001",
                        "attributes": {
                            "address": "terraform-20190119043658700200000001.cpszcw5s9qrb.ca-central-1.rds.amazonaws.com",
                            "allocated_storage": "10",
                            "arn": "arn:aws:rds:ca-central-1:500015533311:db:terraform-20190119043658700200000001",
                            "auto_minor_version_upgrade": "true",
                            "availability_zone": "ca-central-1b",
                            "backup_retention_period": "0",
                            "backup_window": "06:13-06:43",
                            "ca_cert_identifier": "rds-ca-2015",
                            "copy_tags_to_snapshot": "false",
                            "db_subnet_group_name": "default",
                            "deletion_protection": "false",
                            "domain": "",
                            "domain_iam_role_name": "",
                            "enabled_cloudwatch_logs_exports.#": "0",
                            "endpoint": "terraform-20190119043658700200000001.cpszcw5s9qrb.ca-central-1.rds.amazonaws.com:3306",
                            "engine": "mysql",
                            "engine_version": "5.7.23",
                            "hosted_zone_id": "Z1JG78A3UK1DU3",
                            "iam_database_authentication_enabled": "false",
                            "id": "terraform-20190119043658700200000001",
                            "identifier": "terraform-20190119043658700200000001",
                            "instance_class": "db.t2.micro",
                            "iops": "0",
                            "kms_key_id": "",
                            "license_model": "general-public-license",
                            "maintenance_window": "thu:04:33-thu:05:03",
                            "monitoring_interval": "0",
                            "multi_az": "false",
                            "name": "awsdb",
                            "option_group_name": "default:mysql-5-7",
                            "parameter_group_name": "default.mysql5.7",
                            "password": "Password1234",
                            "port": "3306",
                            "publicly_accessible": "false",
                            "replicas.#": "0",
                            "replicate_source_db": "",
                            "resource_id": "db-QEOHKX5MUF5LDEIQZ6QQVKCPTQ",
                            "security_group_names.#": "0",
                            "skip_final_snapshot": "true",
                            "status": "available",
                            "storage_encrypted": "false",
                            "storage_type": "gp2",
                            "tags.%": "3",
                            "tags.Name": "Terraform",
                            "tags.Owner": "Gary Mc Dermott",
                            "tags.Stage": "Dev",
                            "timezone": "",
                            "username": "admin",
                            "vpc_security_group_ids.#": "1",
                            "vpc_security_group_ids.3879442358": "sg-0f1d58c41055afcc7"
                        },
                        "meta": {
                            "e2bfb730-ecaa-11e6-8f88-34363bc7c4c0": {
                                "create": 2400000000000,
                                "delete": 2400000000000,
                                "update": 4800000000000
                            }
                        },
                        "tainted": false
                    },
                    "deposed": [],
                    "provider": "provider.aws"
                }
            },
            "depends_on": []
        }
    ]
}
