{
    "version": 3,
    "terraform_version": "0.11.8",
    "serial": 28,
    "lineage": "fc69b38d-4ca4-8346-bc1b-bfe9ece0a3f9",
    "modules": [
        {
            "path": [
                "root"
            ],
            "outputs": {},
            "resources": {
                "aws_eip.ip": {
                    "type": "aws_eip",
                    "depends_on": [
                        "aws_instance.test1"
                    ],
                    "primary": {
                        "id": "eipalloc-0ca16445a235d9a69",
                        "attributes": {
                            "association_id": "eipassoc-08f3bca04ea161d24",
                            "domain": "vpc",
                            "id": "eipalloc-0ca16445a235d9a69",
                            "instance": "i-0c714f705576b2e3b",
                            "network_interface": "eni-08e2ffbc2acfdeb74",
                            "private_ip": "172.31.8.191",
                            "public_ip": "52.60.246.96",
                            "public_ipv4_pool": "amazon",
                            "tags.%": "0",
                            "vpc": "true"
                        },
                        "meta": {
                            "e2bfb730-ecaa-11e6-8f88-34363bc7c4c0": {
                                "delete": 180000000000,
                                "read": 900000000000,
                                "update": 300000000000
                            }
                        },
                        "tainted": false
                    },
                    "deposed": [],
                    "provider": "provider.aws"
                },
                "aws_instance.test1": {
                    "type": "aws_instance",
                    "depends_on": [
                        "aws_s3_bucket.test1"
                    ],
                    "primary": {
                        "id": "i-0c714f705576b2e3b",
                        "attributes": {
                            "ami": "ami-0427e8367e3770df1",
                            "arn": "arn:aws:ec2:ca-central-1:500015533311:instance/i-0c714f705576b2e3b",
                            "associate_public_ip_address": "true",
                            "availability_zone": "ca-central-1b",
                            "cpu_core_count": "1",
                            "cpu_threads_per_core": "1",
                            "credit_specification.#": "1",
                            "credit_specification.0.cpu_credits": "standard",
                            "disable_api_termination": "false",
                            "ebs_block_device.#": "0",
                            "ebs_optimized": "false",
                            "ephemeral_block_device.#": "0",
                            "get_password_data": "false",
                            "iam_instance_profile": "",
                            "id": "i-0c714f705576b2e3b",
                            "instance_state": "running",
                            "instance_type": "t2.micro",
                            "ipv6_addresses.#": "0",
                            "key_name": "terraform",
                            "monitoring": "false",
                            "network_interface.#": "0",
                            "network_interface_id": "eni-08e2ffbc2acfdeb74",
                            "password_data": "",
                            "placement_group": "",
                            "primary_network_interface_id": "eni-08e2ffbc2acfdeb74",
                            "private_dns": "ip-172-31-8-191.ca-central-1.compute.internal",
                            "private_ip": "172.31.8.191",
                            "public_dns": "ec2-52-60-246-96.ca-central-1.compute.amazonaws.com",
                            "public_ip": "52.60.246.96",
                            "root_block_device.#": "1",
                            "root_block_device.0.delete_on_termination": "true",
                            "root_block_device.0.iops": "100",
                            "root_block_device.0.volume_id": "vol-0c40e60c64d664bf4",
                            "root_block_device.0.volume_size": "8",
                            "root_block_device.0.volume_type": "gp2",
                            "security_groups.#": "1",
                            "security_groups.3814588639": "default",
                            "source_dest_check": "true",
                            "subnet_id": "subnet-0f8e195b204991bb8",
                            "tags.%": "4",
                            "tags.Day": "The last day",
                            "tags.Name": "Terraform",
                            "tags.Owner": "Gary Mc Dermott",
                            "tags.Stage": "Dev",
                            "tenancy": "default",
                            "user_data": "4e3f8ddba84e9421faf5227fe85023c83d804df1",
                            "volume_tags.%": "0",
                            "vpc_security_group_ids.#": "1",
                            "vpc_security_group_ids.3879442358": "sg-0f1d58c41055afcc7"
                        },
                        "meta": {
                            "e2bfb730-ecaa-11e6-8f88-34363bc7c4c0": {
                                "create": 600000000000,
                                "delete": 1200000000000,
                                "update": 600000000000
                            },
                            "schema_version": "1"
                        },
                        "tainted": false
                    },
                    "deposed": [],
                    "provider": "provider.aws"
                },
                "aws_s3_bucket.test1": {
                    "type": "aws_s3_bucket",
                    "depends_on": [],
                    "primary": {
                        "id": "terraform-20190117",
                        "attributes": {
                            "acceleration_status": "",
                            "acl": "private",
                            "arn": "arn:aws:s3:::terraform-20190117",
                            "bucket": "terraform-20190117",
                            "bucket_domain_name": "terraform-20190117.s3.amazonaws.com",
                            "bucket_regional_domain_name": "terraform-20190117.s3.ca-central-1.amazonaws.com",
                            "cors_rule.#": "0",
                            "force_destroy": "false",
                            "hosted_zone_id": "Z1QDHH18159H29",
                            "id": "terraform-20190117",
                            "lifecycle_rule.#": "0",
                            "logging.#": "0",
                            "object_lock_configuration.#": "0",
                            "region": "ca-central-1",
                            "replication_configuration.#": "0",
                            "request_payer": "BucketOwner",
                            "server_side_encryption_configuration.#": "0",
                            "tags.%": "0",
                            "versioning.#": "1",
                            "versioning.0.enabled": "false",
                            "versioning.0.mfa_delete": "false",
                            "website.#": "0"
                        },
                        "meta": {},
                        "tainted": false
                    },
                    "deposed": [],
                    "provider": "provider.aws"
                }
            },
            "depends_on": []
        }
    ]
}
